
Microsoft Visual Studio Solution File, Format Version 12.00
# Visual Studio Version 17
VisualStudioVersion = 17.7.34024.191
MinimumVisualStudioVersion = 10.0.40219.1
Project("{FAE04EC0-301F-11D3-BF4B-00C04F79EFBC}") = "Tymakov13", "Tymakov13\Tymakov13.csproj", "{CA96C399-0E54-41B4-A3C9-79A7D9CE818C}"
EndProject
Project("{FAE04EC0-301F-11D3-BF4B-00C04F79EFBC}") = "Tymakov14", "Tymakov14\Tymakov14.csproj", "{CCC125F2-6204-4F47-8862-8B2377698B34}"
EndProject
Global
	GlobalSection(SolutionConfigurationPlatforms) = preSolution
		Debug|Any CPU = Debug|Any CPU
		Release|Any CPU = Release|Any CPU
	EndGlobalSection
	GlobalSection(ProjectConfigurationPlatforms) = postSolution
		{CA96C399-0E54-41B4-A3C9-79A7D9CE818C}.Debug|Any CPU.ActiveCfg = Debug|Any CPU
		{CA96C399-0E54-41B4-A3C9-79A7D9CE818C}.Debug|Any CPU.Build.0 = Debug|Any CPU
		{CA96C399-0E54-41B4-A3C9-79A7D9CE818C}.Release|Any CPU.ActiveCfg = Release|Any CPU
		{CA96C399-0E54-41B4-A3C9-79A7D9CE818C}.Release|Any CPU.Build.0 = Release|Any CPU
		{CCC125F2-6204-4F47-8862-8B2377698B34}.Debug|Any CPU.ActiveCfg = Debug|Any CPU
		{CCC125F2-6204-4F47-8862-8B2377698B34}.Debug|Any CPU.Build.0 = Debug|Any CPU
		{CCC125F2-6204-4F47-8862-8B2377698B34}.Release|Any CPU.ActiveCfg = Release|Any CPU
		{CCC125F2-6204-4F47-8862-8B2377698B34}.Release|Any CPU.Build.0 = Release|Any CPU
	EndGlobalSection
	GlobalSection(SolutionProperties) = preSolution
		HideSolutionNode = FALSE
	EndGlobalSection
	GlobalSection(ExtensibilityGlobals) = postSolution
		SolutionGuid = {B92EE510-9911-4EAF-890B-35F23ADD2DD7}
	EndGlobalSection
EndGlobal
